{
  "nodes": {
    "darwin": {
      "inputs": {
        "nixpkgs": [
          "nixpkgs"
        ]
      },
      "locked": {
        "lastModified": 1673295039,
        "narHash": "sha256-AsdYgE8/GPwcelGgrntlijMg4t3hLFJFCRF3tL5WVjA=",
        "owner": "lnl7",
        "repo": "nix-darwin",
        "rev": "87b9d090ad39b25b2400029c64825fc2a8868943",
        "type": "github"
      },
      "original": {
        "owner": "lnl7",
        "ref": "master",
        "repo": "nix-darwin",
        "type": "github"
      }
    },
    "deploy-rs": {
      "inputs": {
        "flake-compat": "flake-compat",
        "nixpkgs": [
          "nixpkgs"
        ],
        "utils": "utils"
      },
      "locked": {
        "lastModified": 1674127017,
        "narHash": "sha256-QO1xF7stu5ZMDLbHN30LFolMAwY6TVlzYvQoUs1RD68=",
        "owner": "serokell",
        "repo": "deploy-rs",
        "rev": "8c9ea9605eed20528bf60fae35a2b613b901fd77",
        "type": "github"
      },
      "original": {
        "owner": "serokell",
        "repo": "deploy-rs",
        "type": "github"
      }
    },
    "devenv": {
      "inputs": {
        "flake-compat": "flake-compat_2",
        "nix": "nix",
        "nixpkgs": "nixpkgs",
        "pre-commit-hooks": "pre-commit-hooks"
      },
      "locked": {
        "lastModified": 1671716968,
        "narHash": "sha256-LThNtwAXH/0KVMgyTFBwl93ktuWpWTZhCh6NBlydBbQ=",
        "owner": "cachix",
        "repo": "devenv",
        "rev": "ba6818f4c39fd95aebdb6dc441401f2b60484652",
        "type": "github"
      },
      "original": {
        "owner": "cachix",
        "ref": "v0.5",
        "repo": "devenv",
        "type": "github"
      }
    },
    "flake-compat": {
      "flake": false,
      "locked": {
        "lastModified": 1668681692,
        "narHash": "sha256-Ht91NGdewz8IQLtWZ9LCeNXMSXHUss+9COoqu6JLmXU=",
        "owner": "edolstra",
        "repo": "flake-compat",
        "rev": "009399224d5e398d03b22badca40a37ac85412a1",
        "type": "github"
      },
      "original": {
        "owner": "edolstra",
        "repo": "flake-compat",
        "type": "github"
      }
    },
    "flake-compat_2": {
      "flake": false,
      "locked": {
        "lastModified": 1668681692,
        "narHash": "sha256-Ht91NGdewz8IQLtWZ9LCeNXMSXHUss+9COoqu6JLmXU=",
        "owner": "edolstra",
        "repo": "flake-compat",
        "rev": "009399224d5e398d03b22badca40a37ac85412a1",
        "type": "github"
      },
      "original": {
        "owner": "edolstra",
        "repo": "flake-compat",
        "type": "github"
      }
    },
    "flake-compat_3": {
      "flake": false,
      "locked": {
        "lastModified": 1673956053,
        "narHash": "sha256-4gtG9iQuiKITOjNQQeQIpoIB6b16fm+504Ch3sNKLd8=",
        "owner": "edolstra",
        "repo": "flake-compat",
        "rev": "35bb57c0c8d8b62bbfd284272c928ceb64ddbde9",
        "type": "github"
      },
      "original": {
        "owner": "edolstra",
        "repo": "flake-compat",
        "type": "github"
      }
    },
    "flake-utils": {
      "locked": {
        "lastModified": 1667395993,
        "narHash": "sha256-nuEHfE/LcWyuSWnS8t12N1wc105Qtau+/OdUAjtQ0rA=",
        "owner": "numtide",
        "repo": "flake-utils",
        "rev": "5aed5285a952e0b949eb3ba02c12fa4fcfef535f",
        "type": "github"
      },
      "original": {
        "owner": "numtide",
        "repo": "flake-utils",
        "type": "github"
      }
    },
    "flake-utils_2": {
      "locked": {
        "lastModified": 1667395993,
        "narHash": "sha256-nuEHfE/LcWyuSWnS8t12N1wc105Qtau+/OdUAjtQ0rA=",
        "owner": "numtide",
        "repo": "flake-utils",
        "rev": "5aed5285a952e0b949eb3ba02c12fa4fcfef535f",
        "type": "github"
      },
      "original": {
        "owner": "numtide",
        "repo": "flake-utils",
        "type": "github"
      }
    },
    "flake-utils_3": {
      "locked": {
        "lastModified": 1667395993,
        "narHash": "sha256-nuEHfE/LcWyuSWnS8t12N1wc105Qtau+/OdUAjtQ0rA=",
        "owner": "numtide",
        "repo": "flake-utils",
        "rev": "5aed5285a952e0b949eb3ba02c12fa4fcfef535f",
        "type": "github"
      },
      "original": {
        "owner": "numtide",
        "repo": "flake-utils",
        "type": "github"
      }
    },
    "gitignore": {
      "inputs": {
        "nixpkgs": [
          "devenv",
          "pre-commit-hooks",
          "nixpkgs"
        ]
      },
      "locked": {
        "lastModified": 1660459072,
        "narHash": "sha256-8DFJjXG8zqoONA1vXtgeKXy68KdJL5UaXR8NtVMUbx8=",
        "owner": "hercules-ci",
        "repo": "gitignore.nix",
        "rev": "a20de23b925fd8264fd7fad6454652e142fd7f73",
        "type": "github"
      },
      "original": {
        "owner": "hercules-ci",
        "repo": "gitignore.nix",
        "type": "github"
      }
    },
    "home-manager": {
      "inputs": {
        "nixpkgs": [
          "nixpkgs"
        ],
        "utils": "utils_2"
      },
      "locked": {
        "lastModified": 1675371293,
        "narHash": "sha256-LrCjtrAXj/WJphhGEMnHgZs7oTsfOlvPfOjFTIvg39k=",
        "owner": "nix-community",
        "repo": "home-manager",
        "rev": "d1c7730bb707bf8124d997952f7babd2a281ae68",
        "type": "github"
      },
      "original": {
        "owner": "nix-community",
        "ref": "master",
        "repo": "home-manager",
        "type": "github"
      }
    },
    "hyprland": {
      "inputs": {
        "hyprland-protocols": "hyprland-protocols",
        "nixpkgs": "nixpkgs_2",
        "wlroots": "wlroots",
        "xdph": "xdph"
      },
      "locked": {
        "lastModified": 1675453688,
        "narHash": "sha256-l1AkaNN2fQfObzHpN0Zr0efjMTrOKf3td4QB3NqBIQo=",
        "owner": "hyprwm",
        "repo": "Hyprland",
        "rev": "3e6601fa2989d750135d218c1fea3a13ddeae5c3",
        "type": "github"
      },
      "original": {
        "owner": "hyprwm",
        "ref": "main",
        "repo": "Hyprland",
        "type": "github"
      }
    },
    "hyprland-protocols": {
      "inputs": {
        "nixpkgs": [
          "hyprland",
          "nixpkgs"
        ]
      },
      "locked": {
        "lastModified": 1671839510,
        "narHash": "sha256-+PY1qqJfmZzzROgcIY4I7AkCwpnC+qBIYk2eFoA9RWc=",
        "owner": "hyprwm",
        "repo": "hyprland-protocols",
        "rev": "b8f55e02a328c47ed373133c52483bbfa20a1b75",
        "type": "github"
      },
      "original": {
        "owner": "hyprwm",
        "repo": "hyprland-protocols",
        "type": "github"
      }
    },
    "lowdown-src": {
      "flake": false,
      "locked": {
        "lastModified": 1633514407,
        "narHash": "sha256-Dw32tiMjdK9t3ETl5fzGrutQTzh2rufgZV4A/BbxuD4=",
        "owner": "kristapsdz",
        "repo": "lowdown",
        "rev": "d2c2b44ff6c27b936ec27358a2653caaef8f73b8",
        "type": "github"
      },
      "original": {
        "owner": "kristapsdz",
        "repo": "lowdown",
        "type": "github"
      }
    },
    "minidsp": {
      "inputs": {
        "flake-compat": "flake-compat_3",
        "flake-utils": "flake-utils_3",
        "nixpkgs": [
          "nixpkgs"
        ]
      },
      "locked": {
        "lastModified": 1675174032,
        "narHash": "sha256-vFuoFdPQ9uO255U0PLHHHTgWa/JRwnK0Fjn+5jG60Vk=",
        "owner": "mrene",
        "repo": "minidsp-rs",
        "rev": "e8467a107d911f7415e117b35ffc44f7ada7556f",
        "type": "github"
      },
      "original": {
        "owner": "mrene",
        "repo": "minidsp-rs",
        "type": "github"
      }
    },
    "nix": {
      "inputs": {
        "lowdown-src": "lowdown-src",
        "nixpkgs": [
          "devenv",
          "nixpkgs"
        ],
        "nixpkgs-regression": "nixpkgs-regression"
      },
      "locked": {
        "lastModified": 1671638174,
        "narHash": "sha256-FeEmVix8l/HglWtRgeHOfjqEm2etvp+MLYd1C/raq3Y=",
        "owner": "domenkozar",
        "repo": "nix",
        "rev": "51b770e985f9e1b84fb5e03a983ef1e19f18c3e9",
        "type": "github"
      },
      "original": {
        "owner": "domenkozar",
        "ref": "relaxed-flakes",
        "repo": "nix",
        "type": "github"
      }
    },
    "nixlib": {
      "locked": {
        "lastModified": 1636849918,
        "narHash": "sha256-nzUK6dPcTmNVrgTAC1EOybSMsrcx+QrVPyqRdyKLkjA=",
        "owner": "nix-community",
        "repo": "nixpkgs.lib",
        "rev": "28a5b0557f14124608db68d3ee1f77e9329e9dd5",
        "type": "github"
      },
      "original": {
        "owner": "nix-community",
        "repo": "nixpkgs.lib",
        "type": "github"
      }
    },
    "nixos-generators": {
      "inputs": {
        "nixlib": "nixlib",
        "nixpkgs": [
          "nixpkgs"
        ]
      },
      "locked": {
        "lastModified": 1674666581,
        "narHash": "sha256-KNI2s/xrL7WOYaPJAWKBtb7cCH3335rLfsL+B+ssuGY=",
        "owner": "nix-community",
        "repo": "nixos-generators",
        "rev": "6a5dc1d3d557ea7b5c19b15ff91955124d0400fa",
        "type": "github"
      },
      "original": {
        "owner": "nix-community",
        "repo": "nixos-generators",
        "type": "github"
      }
    },
    "nixpkgs": {
      "locked": {
        "lastModified": 1671458120,
        "narHash": "sha256-2+k/OONN4OF21TeoNjKB5sXVZv6Zvm/uEyQIW9OYCg8=",
        "owner": "NixOS",
        "repo": "nixpkgs",
        "rev": "e37ef84b478fa8da0ced96522adfd956fde9047a",
        "type": "github"
      },
      "original": {
        "owner": "NixOS",
        "ref": "nixpkgs-unstable",
        "repo": "nixpkgs",
        "type": "github"
      }
    },
    "nixpkgs-regression": {
      "locked": {
        "lastModified": 1643052045,
        "narHash": "sha256-uGJ0VXIhWKGXxkeNnq4TvV3CIOkUJ3PAoLZ3HMzNVMw=",
        "owner": "NixOS",
        "repo": "nixpkgs",
        "rev": "215d4d0fd80ca5163643b03a33fde804a29cc1e2",
        "type": "github"
      },
      "original": {
        "owner": "NixOS",
        "repo": "nixpkgs",
        "rev": "215d4d0fd80ca5163643b03a33fde804a29cc1e2",
        "type": "github"
      }
    },
    "nixpkgs-stable": {
      "locked": {
        "lastModified": 1671271954,
        "narHash": "sha256-cSvu+bnvN08sOlTBWbBrKaBHQZq8mvk8bgpt0ZJ2Snc=",
        "owner": "NixOS",
        "repo": "nixpkgs",
        "rev": "d513b448cc2a6da2c8803e3c197c9fc7e67b19e3",
        "type": "github"
      },
      "original": {
        "owner": "NixOS",
        "ref": "nixos-22.05",
        "repo": "nixpkgs",
        "type": "github"
      }
    },
    "nixpkgsUnstable": {
      "locked": {
        "lastModified": 1675309347,
        "narHash": "sha256-D3CQ6HRDT2m3XJlrzb5jKq4vNFR5xFTEFKC7iSjlFpM=",
        "owner": "NixOS",
        "repo": "nixpkgs",
        "rev": "006c3bd4dd2f5d1d2094047f307cbf9e2b73d9c5",
        "type": "github"
      },
      "original": {
        "owner": "NixOS",
        "ref": "nixpkgs-unstable",
        "repo": "nixpkgs",
        "type": "github"
      }
    },
    "nixpkgs_2": {
      "locked": {
        "lastModified": 1675273418,
        "narHash": "sha256-tpYc4TEGvDzh9uRf44QemyQ4TpVuUbxb07b2P99XDbM=",
        "owner": "NixOS",
        "repo": "nixpkgs",
        "rev": "4d7c2644dbac9cf8282c0afe68fca8f0f3e7b2db",
        "type": "github"
      },
      "original": {
        "owner": "NixOS",
        "ref": "nixos-unstable",
        "repo": "nixpkgs",
        "type": "github"
      }
    },
    "nixpkgs_3": {
      "locked": {
        "lastModified": 1675327819,
        "narHash": "sha256-Fd2BUNUsTO7wmoU1fbOC4HNkl370dYdkfKgWPretuj0=",
        "owner": "NixOS",
        "repo": "nixpkgs",
        "rev": "21efc622b939884db3c92f49d638ca89f12f22f8",
        "type": "github"
      },
      "original": {
        "owner": "NixOS",
        "ref": "nixos-22.11",
        "repo": "nixpkgs",
        "type": "github"
      }
    },
    "pre-commit-hooks": {
      "inputs": {
        "flake-compat": [
          "devenv",
          "flake-compat"
        ],
        "flake-utils": "flake-utils",
        "gitignore": "gitignore",
        "nixpkgs": [
          "devenv",
          "nixpkgs"
        ],
        "nixpkgs-stable": "nixpkgs-stable"
      },
      "locked": {
        "lastModified": 1671452357,
        "narHash": "sha256-HqzXiQEegpRQ4VEl9pEPgHSIxhJrNJ27HfN1wOc7w2E=",
        "owner": "cachix",
        "repo": "pre-commit-hooks.nix",
        "rev": "200790e9c77064c53eaf95805b013d96615ecc27",
        "type": "github"
      },
      "original": {
        "owner": "cachix",
        "repo": "pre-commit-hooks.nix",
        "type": "github"
      }
    },
    "root": {
      "inputs": {
        "darwin": "darwin",
        "deploy-rs": "deploy-rs",
        "devenv": "devenv",
        "flake-utils": "flake-utils_2",
        "home-manager": "home-manager",
        "hyprland": "hyprland",
        "minidsp": "minidsp",
        "nixos-generators": "nixos-generators",
        "nixpkgs": "nixpkgs_3",
        "nixpkgsUnstable": "nixpkgsUnstable",
        "vscode-server": "vscode-server"
      }
    },
    "utils": {
      "locked": {
        "lastModified": 1667395993,
        "narHash": "sha256-nuEHfE/LcWyuSWnS8t12N1wc105Qtau+/OdUAjtQ0rA=",
        "owner": "numtide",
        "repo": "flake-utils",
        "rev": "5aed5285a952e0b949eb3ba02c12fa4fcfef535f",
        "type": "github"
      },
      "original": {
        "owner": "numtide",
        "repo": "flake-utils",
        "type": "github"
      }
    },
    "utils_2": {
      "locked": {
        "lastModified": 1667395993,
        "narHash": "sha256-nuEHfE/LcWyuSWnS8t12N1wc105Qtau+/OdUAjtQ0rA=",
        "owner": "numtide",
        "repo": "flake-utils",
        "rev": "5aed5285a952e0b949eb3ba02c12fa4fcfef535f",
        "type": "github"
      },
      "original": {
        "owner": "numtide",
        "repo": "flake-utils",
        "type": "github"
      }
    },
    "vscode-server": {
      "inputs": {
        "nixpkgs": [
          "nixpkgs"
        ]
      },
      "locked": {
        "lastModified": 1662442857,
        "narHash": "sha256-e2ex4mO4q6UBoJvPSRdYBX1vIvpulqs6SNxvdSsL6uE=",
        "owner": "msteen",
        "repo": "nixos-vscode-server",
        "rev": "c54b714db58ad05d064f394d6603751ee6bd04f6",
        "type": "github"
      },
      "original": {
        "owner": "msteen",
        "repo": "nixos-vscode-server",
        "type": "github"
      }
    },
    "wlroots": {
      "flake": false,
      "locked": {
        "host": "gitlab.freedesktop.org",
        "lastModified": 1675374853,
        "narHash": "sha256-BSrjNcddYWhFUMtjGwxiEXw67MYRaIHGvLn19Mvm1NE=",
        "owner": "wlroots",
        "repo": "wlroots",
        "rev": "677a3f2f8847ed2de49dd60868f9d9487a546f58",
        "type": "gitlab"
      },
      "original": {
        "host": "gitlab.freedesktop.org",
        "owner": "wlroots",
        "repo": "wlroots",
        "type": "gitlab"
      }
    },
    "xdph": {
      "inputs": {
        "hyprland-protocols": [
          "hyprland",
          "hyprland-protocols"
        ],
        "nixpkgs": [
          "hyprland",
          "nixpkgs"
        ]
      },
      "locked": {
        "lastModified": 1673116118,
        "narHash": "sha256-eR0yDSkR2XYMesfdRWJs25kAdXET2mbNNHu5t+KUcKA=",
        "owner": "hyprwm",
        "repo": "xdg-desktop-portal-hyprland",
        "rev": "d479c846531fd0e1d2357c9588b8310a2b859ef2",
        "type": "github"
      },
      "original": {
        "owner": "hyprwm",
        "repo": "xdg-desktop-portal-hyprland",
        "type": "github"
      }
    }
  },
  "root": "root",
  "version": 7
}
